Microsoft Visual Studio Solution File, Format Version 12.00
# Visual Studio Version 17
VisualStudioVersion = 17.5.2.0
MinimumVisualStudioVersion = 10.0.40219.1
Project("{FAE04EC0-301F-11D3-BF4B-00C04F79EFBC}") = "my-wpf-app", "my-wpf-app.csproj", "{A98F2EE2-48F3-78A4-BF52-91FC35053ED6}"
EndProject
Global
	GlobalSection(SolutionConfigurationPlatforms) = preSolution
		Debug|Any CPU = Debug|Any CPU
		Release|Any CPU = Release|Any CPU
	EndGlobalSection
	GlobalSection(ProjectConfigurationPlatforms) = postSolution
		{A98F2EE2-48F3-78A4-BF52-91FC35053ED6}.Debug|Any CPU.ActiveCfg = Debug|Any CPU
		{A98F2EE2-48F3-78A4-BF52-91FC35053ED6}.Debug|Any CPU.Build.0 = Debug|Any CPU
		{A98F2EE2-48F3-78A4-BF52-91FC35053ED6}.Release|Any CPU.ActiveCfg = Release|Any CPU
		{A98F2EE2-48F3-78A4-BF52-91FC35053ED6}.Release|Any CPU.Build.0 = Release|Any CPU
	EndGlobalSection
	GlobalSection(SolutionProperties) = preSolution
		HideSolutionNode = FALSE
	EndGlobalSection
	GlobalSection(ExtensibilityGlobals) = postSolution
		SolutionGuid = {D4F86336-F125-418E-8D6A-36EB584EB8F1}
	EndGlobalSection
EndGlobal
